
Microsoft Visual Studio Solution File, Format Version 12.00
Project("{FAE04EC0-301F-11D3-BF4B-00C04F79EFBC}") = "BloodDonationManagement.WebApi", "BloodDonationManagement.WebApi\BloodDonationManagement.WebApi.csproj", "{D6985695-663F-46B5-9EDB-EBD63F34654C}"
EndProject
Project("{FAE04EC0-301F-11D3-BF4B-00C04F79EFBC}") = "BloodDonationManagement.Domain", "BloodDonationManagement.Domain\BloodDonationManagement.Domain.csproj", "{1A028E45-21FF-4FB3-8BB0-51452639C6F4}"
EndProject
Project("{FAE04EC0-301F-11D3-BF4B-00C04F79EFBC}") = "BloodDonationManagement.Infrastructure", "BloodDonationManagement.Infrastructure\BloodDonationManagement.Infrastructure.csproj", "{9FD6E991-06BE-4566-B3AE-2771CB917D02}"
EndProject
Project("{FAE04EC0-301F-11D3-BF4B-00C04F79EFBC}") = "BloodDonationManagement.Application", "BloodDonationManagement.Application\BloodDonationManagement.Application.csproj", "{D72C9FFA-403A-43FA-A4C6-2392ED1F5E52}"
EndProject
Project("{2150E333-8FDC-42A3-9474-1A3956D46DE8}") = "src", "src", "{B09678A8-88B3-4357-8F3F-87F6974B4090}"
EndProject
Project("{2150E333-8FDC-42A3-9474-1A3956D46DE8}") = "tests", "tests", "{975781B8-90CB-4CA4-8E88-182E0919089A}"
EndProject
Project("{FAE04EC0-301F-11D3-BF4B-00C04F79EFBC}") = "BloodDonationManagement.Domain.UnitTests", "BloodDonationManagement.Domain.UnitTests\BloodDonationManagement.Domain.UnitTests.csproj", "{E5C3A206-0A4D-4E4B-B772-D3B3D3B10983}"
EndProject
Project("{FAE04EC0-301F-11D3-BF4B-00C04F79EFBC}") = "BloodDonationManagement.Application.UnitTests", "BloodDonationManagement.Application.UnitTests\BloodDonationManagement.Application.UnitTests.csproj", "{0437E466-A987-44D4-B7CB-7FCFE4AEBF93}"
EndProject
Global
	GlobalSection(SolutionConfigurationPlatforms) = preSolution
		Debug|Any CPU = Debug|Any CPU
		Release|Any CPU = Release|Any CPU
	EndGlobalSection
	GlobalSection(ProjectConfigurationPlatforms) = postSolution
		{D6985695-663F-46B5-9EDB-EBD63F34654C}.Debug|Any CPU.ActiveCfg = Debug|Any CPU
		{D6985695-663F-46B5-9EDB-EBD63F34654C}.Debug|Any CPU.Build.0 = Debug|Any CPU
		{D6985695-663F-46B5-9EDB-EBD63F34654C}.Release|Any CPU.ActiveCfg = Release|Any CPU
		{D6985695-663F-46B5-9EDB-EBD63F34654C}.Release|Any CPU.Build.0 = Release|Any CPU
		{1A028E45-21FF-4FB3-8BB0-51452639C6F4}.Debug|Any CPU.ActiveCfg = Debug|Any CPU
		{1A028E45-21FF-4FB3-8BB0-51452639C6F4}.Debug|Any CPU.Build.0 = Debug|Any CPU
		{1A028E45-21FF-4FB3-8BB0-51452639C6F4}.Release|Any CPU.ActiveCfg = Release|Any CPU
		{1A028E45-21FF-4FB3-8BB0-51452639C6F4}.Release|Any CPU.Build.0 = Release|Any CPU
		{9FD6E991-06BE-4566-B3AE-2771CB917D02}.Debug|Any CPU.ActiveCfg = Debug|Any CPU
		{9FD6E991-06BE-4566-B3AE-2771CB917D02}.Debug|Any CPU.Build.0 = Debug|Any CPU
		{9FD6E991-06BE-4566-B3AE-2771CB917D02}.Release|Any CPU.ActiveCfg = Release|Any CPU
		{9FD6E991-06BE-4566-B3AE-2771CB917D02}.Release|Any CPU.Build.0 = Release|Any CPU
		{D72C9FFA-403A-43FA-A4C6-2392ED1F5E52}.Debug|Any CPU.ActiveCfg = Debug|Any CPU
		{D72C9FFA-403A-43FA-A4C6-2392ED1F5E52}.Debug|Any CPU.Build.0 = Debug|Any CPU
		{D72C9FFA-403A-43FA-A4C6-2392ED1F5E52}.Release|Any CPU.ActiveCfg = Release|Any CPU
		{D72C9FFA-403A-43FA-A4C6-2392ED1F5E52}.Release|Any CPU.Build.0 = Release|Any CPU
		{E5C3A206-0A4D-4E4B-B772-D3B3D3B10983}.Debug|Any CPU.ActiveCfg = Debug|Any CPU
		{E5C3A206-0A4D-4E4B-B772-D3B3D3B10983}.Debug|Any CPU.Build.0 = Debug|Any CPU
		{E5C3A206-0A4D-4E4B-B772-D3B3D3B10983}.Release|Any CPU.ActiveCfg = Release|Any CPU
		{E5C3A206-0A4D-4E4B-B772-D3B3D3B10983}.Release|Any CPU.Build.0 = Release|Any CPU
		{0437E466-A987-44D4-B7CB-7FCFE4AEBF93}.Debug|Any CPU.ActiveCfg = Debug|Any CPU
		{0437E466-A987-44D4-B7CB-7FCFE4AEBF93}.Debug|Any CPU.Build.0 = Debug|Any CPU
		{0437E466-A987-44D4-B7CB-7FCFE4AEBF93}.Release|Any CPU.ActiveCfg = Release|Any CPU
		{0437E466-A987-44D4-B7CB-7FCFE4AEBF93}.Release|Any CPU.Build.0 = Release|Any CPU
	EndGlobalSection
	GlobalSection(NestedProjects) = preSolution
		{D72C9FFA-403A-43FA-A4C6-2392ED1F5E52} = {B09678A8-88B3-4357-8F3F-87F6974B4090}
		{1A028E45-21FF-4FB3-8BB0-51452639C6F4} = {B09678A8-88B3-4357-8F3F-87F6974B4090}
		{9FD6E991-06BE-4566-B3AE-2771CB917D02} = {B09678A8-88B3-4357-8F3F-87F6974B4090}
		{D6985695-663F-46B5-9EDB-EBD63F34654C} = {B09678A8-88B3-4357-8F3F-87F6974B4090}
		{E5C3A206-0A4D-4E4B-B772-D3B3D3B10983} = {975781B8-90CB-4CA4-8E88-182E0919089A}
		{0437E466-A987-44D4-B7CB-7FCFE4AEBF93} = {975781B8-90CB-4CA4-8E88-182E0919089A}
	EndGlobalSection
EndGlobal
